
Microsoft Visual Studio Solution File, Format Version 12.00
# Visual Studio 15
VisualStudioVersion = 15.0.28307.489
MinimumVisualStudioVersion = 10.0.40219.1
Project("{FAE04EC0-301F-11D3-BF4B-00C04F79EFBC}") = "HelloXamarin.Android", "HelloXamarin\HelloXamarin.Android\HelloXamarin.Android.csproj", "{1C6866C0-18D6-4398-98A7-1D7E02980FEE}"
EndProject
Project("{FAE04EC0-301F-11D3-BF4B-00C04F79EFBC}") = "HelloXamarin.iOS", "HelloXamarin\HelloXamarin.iOS\HelloXamarin.iOS.csproj", "{8A96C525-5C6C-4B50-91A6-9F0EAFA6404F}"
EndProject
Project("{FAE04EC0-301F-11D3-BF4B-00C04F79EFBC}") = "HelloXamarin", "HelloXamarin\HelloXamarin\HelloXamarin.csproj", "{28CBAF66-774E-4155-8127-98229B5F5CD9}"
EndProject
Global
	GlobalSection(SolutionConfigurationPlatforms) = preSolution
		Ad-Hoc|Any CPU = Ad-Hoc|Any CPU
		Ad-Hoc|iPhone = Ad-Hoc|iPhone
		Ad-Hoc|iPhoneSimulator = Ad-Hoc|iPhoneSimulator
		AppStore|Any CPU = AppStore|Any CPU
		AppStore|iPhone = AppStore|iPhone
		AppStore|iPhoneSimulator = AppStore|iPhoneSimulator
		Debug|Any CPU = Debug|Any CPU
		Debug|iPhone = Debug|iPhone
		Debug|iPhoneSimulator = Debug|iPhoneSimulator
		Release|Any CPU = Release|Any CPU
		Release|iPhone = Release|iPhone
		Release|iPhoneSimulator = Release|iPhoneSimulator
	EndGlobalSection
	GlobalSection(ProjectConfigurationPlatforms) = postSolution
		{1C6866C0-18D6-4398-98A7-1D7E02980FEE}.Ad-Hoc|Any CPU.ActiveCfg = Release|Any CPU
		{1C6866C0-18D6-4398-98A7-1D7E02980FEE}.Ad-Hoc|Any CPU.Build.0 = Release|Any CPU
		{1C6866C0-18D6-4398-98A7-1D7E02980FEE}.Ad-Hoc|Any CPU.Deploy.0 = Release|Any CPU
		{1C6866C0-18D6-4398-98A7-1D7E02980FEE}.Ad-Hoc|iPhone.ActiveCfg = Release|Any CPU
		{1C6866C0-18D6-4398-98A7-1D7E02980FEE}.Ad-Hoc|iPhone.Build.0 = Release|Any CPU
		{1C6866C0-18D6-4398-98A7-1D7E02980FEE}.Ad-Hoc|iPhone.Deploy.0 = Release|Any CPU
		{1C6866C0-18D6-4398-98A7-1D7E02980FEE}.Ad-Hoc|iPhoneSimulator.ActiveCfg = Release|Any CPU
		{1C6866C0-18D6-4398-98A7-1D7E02980FEE}.Ad-Hoc|iPhoneSimulator.Build.0 = Release|Any CPU
		{1C6866C0-18D6-4398-98A7-1D7E02980FEE}.Ad-Hoc|iPhoneSimulator.Deploy.0 = Release|Any CPU
		{1C6866C0-18D6-4398-98A7-1D7E02980FEE}.AppStore|Any CPU.ActiveCfg = Release|Any CPU
		{1C6866C0-18D6-4398-98A7-1D7E02980FEE}.AppStore|Any CPU.Build.0 = Release|Any CPU
		{1C6866C0-18D6-4398-98A7-1D7E02980FEE}.AppStore|Any CPU.Deploy.0 = Release|Any CPU
		{1C6866C0-18D6-4398-98A7-1D7E02980FEE}.AppStore|iPhone.ActiveCfg = Release|Any CPU
		{1C6866C0-18D6-4398-98A7-1D7E02980FEE}.AppStore|iPhone.Build.0 = Release|Any CPU
		{1C6866C0-18D6-4398-98A7-1D7E02980FEE}.AppStore|iPhone.Deploy.0 = Release|Any CPU
		{1C6866C0-18D6-4398-98A7-1D7E02980FEE}.AppStore|iPhoneSimulator.ActiveCfg = Release|Any CPU
		{1C6866C0-18D6-4398-98A7-1D7E02980FEE}.AppStore|iPhoneSimulator.Build.0 = Release|Any CPU
		{1C6866C0-18D6-4398-98A7-1D7E02980FEE}.AppStore|iPhoneSimulator.Deploy.0 = Release|Any CPU
		{1C6866C0-18D6-4398-98A7-1D7E02980FEE}.Debug|Any CPU.ActiveCfg = Debug|Any CPU
		{1C6866C0-18D6-4398-98A7-1D7E02980FEE}.Debug|Any CPU.Build.0 = Debug|Any CPU
		{1C6866C0-18D6-4398-98A7-1D7E02980FEE}.Debug|Any CPU.Deploy.0 = Debug|Any CPU
		{1C6866C0-18D6-4398-98A7-1D7E02980FEE}.Debug|iPhone.ActiveCfg = Debug|Any CPU
		{1C6866C0-18D6-4398-98A7-1D7E02980FEE}.Debug|iPhone.Build.0 = Debug|Any CPU
		{1C6866C0-18D6-4398-98A7-1D7E02980FEE}.Debug|iPhone.Deploy.0 = Debug|Any CPU
		{1C6866C0-18D6-4398-98A7-1D7E02980FEE}.Debug|iPhoneSimulator.ActiveCfg = Debug|Any CPU
		{1C6866C0-18D6-4398-98A7-1D7E02980FEE}.Debug|iPhoneSimulator.Build.0 = Debug|Any CPU
		{1C6866C0-18D6-4398-98A7-1D7E02980FEE}.Debug|iPhoneSimulator.Deploy.0 = Debug|Any CPU
		{1C6866C0-18D6-4398-98A7-1D7E02980FEE}.Release|Any CPU.ActiveCfg = Release|Any CPU
		{1C6866C0-18D6-4398-98A7-1D7E02980FEE}.Release|Any CPU.Build.0 = Release|Any CPU
		{1C6866C0-18D6-4398-98A7-1D7E02980FEE}.Release|Any CPU.Deploy.0 = Release|Any CPU
		{1C6866C0-18D6-4398-98A7-1D7E02980FEE}.Release|iPhone.ActiveCfg = Release|Any CPU
		{1C6866C0-18D6-4398-98A7-1D7E02980FEE}.Release|iPhone.Build.0 = Release|Any CPU
		{1C6866C0-18D6-4398-98A7-1D7E02980FEE}.Release|iPhone.Deploy.0 = Release|Any CPU
		{1C6866C0-18D6-4398-98A7-1D7E02980FEE}.Release|iPhoneSimulator.ActiveCfg = Release|Any CPU
		{1C6866C0-18D6-4398-98A7-1D7E02980FEE}.Release|iPhoneSimulator.Build.0 = Release|Any CPU
		{1C6866C0-18D6-4398-98A7-1D7E02980FEE}.Release|iPhoneSimulator.Deploy.0 = Release|Any CPU
		{8A96C525-5C6C-4B50-91A6-9F0EAFA6404F}.Ad-Hoc|Any CPU.ActiveCfg = Ad-Hoc|iPhone
		{8A96C525-5C6C-4B50-91A6-9F0EAFA6404F}.Ad-Hoc|Any CPU.Build.0 = Ad-Hoc|iPhone
		{8A96C525-5C6C-4B50-91A6-9F0EAFA6404F}.Ad-Hoc|Any CPU.Deploy.0 = Ad-Hoc|iPhone
		{8A96C525-5C6C-4B50-91A6-9F0EAFA6404F}.Ad-Hoc|iPhone.ActiveCfg = Ad-Hoc|iPhone
		{8A96C525-5C6C-4B50-91A6-9F0EAFA6404F}.Ad-Hoc|iPhone.Build.0 = Ad-Hoc|iPhone
		{8A96C525-5C6C-4B50-91A6-9F0EAFA6404F}.Ad-Hoc|iPhone.Deploy.0 = Ad-Hoc|iPhone
		{8A96C525-5C6C-4B50-91A6-9F0EAFA6404F}.Ad-Hoc|iPhoneSimulator.ActiveCfg = Ad-Hoc|iPhoneSimulator
		{8A96C525-5C6C-4B50-91A6-9F0EAFA6404F}.Ad-Hoc|iPhoneSimulator.Build.0 = Ad-Hoc|iPhoneSimulator
		{8A96C525-5C6C-4B50-91A6-9F0EAFA6404F}.Ad-Hoc|iPhoneSimulator.Deploy.0 = Ad-Hoc|iPhoneSimulator
		{8A96C525-5C6C-4B50-91A6-9F0EAFA6404F}.AppStore|Any CPU.ActiveCfg = AppStore|iPhone
		{8A96C525-5C6C-4B50-91A6-9F0EAFA6404F}.AppStore|Any CPU.Build.0 = AppStore|iPhone
		{8A96C525-5C6C-4B50-91A6-9F0EAFA6404F}.AppStore|Any CPU.Deploy.0 = AppStore|iPhone
		{8A96C525-5C6C-4B50-91A6-9F0EAFA6404F}.AppStore|iPhone.ActiveCfg = AppStore|iPhone
		{8A96C525-5C6C-4B50-91A6-9F0EAFA6404F}.AppStore|iPhone.Build.0 = AppStore|iPhone
		{8A96C525-5C6C-4B50-91A6-9F0EAFA6404F}.AppStore|iPhone.Deploy.0 = AppStore|iPhone
		{8A96C525-5C6C-4B50-91A6-9F0EAFA6404F}.AppStore|iPhoneSimulator.ActiveCfg = AppStore|iPhoneSimulator
		{8A96C525-5C6C-4B50-91A6-9F0EAFA6404F}.AppStore|iPhoneSimulator.Build.0 = AppStore|iPhoneSimulator
		{8A96C525-5C6C-4B50-91A6-9F0EAFA6404F}.AppStore|iPhoneSimulator.Deploy.0 = AppStore|iPhoneSimulator
		{8A96C525-5C6C-4B50-91A6-9F0EAFA6404F}.Debug|Any CPU.ActiveCfg = Debug|iPhoneSimulator
		{8A96C525-5C6C-4B50-91A6-9F0EAFA6404F}.Debug|Any CPU.Build.0 = Debug|iPhoneSimulator
		{8A96C525-5C6C-4B50-91A6-9F0EAFA6404F}.Debug|Any CPU.Deploy.0 = Debug|iPhoneSimulator
		{8A96C525-5C6C-4B50-91A6-9F0EAFA6404F}.Debug|iPhone.ActiveCfg = Debug|iPhone
		{8A96C525-5C6C-4B50-91A6-9F0EAFA6404F}.Debug|iPhone.Build.0 = Debug|iPhone
		{8A96C525-5C6C-4B50-91A6-9F0EAFA6404F}.Debug|iPhone.Deploy.0 = Debug|iPhone
		{8A96C525-5C6C-4B50-91A6-9F0EAFA6404F}.Debug|iPhoneSimulator.ActiveCfg = Debug|iPhoneSimulator
		{8A96C525-5C6C-4B50-91A6-9F0EAFA6404F}.Debug|iPhoneSimulator.Build.0 = Debug|iPhoneSimulator
		{8A96C525-5C6C-4B50-91A6-9F0EAFA6404F}.Debug|iPhoneSimulator.Deploy.0 = Debug|iPhoneSimulator
		{8A96C525-5C6C-4B50-91A6-9F0EAFA6404F}.Release|Any CPU.ActiveCfg = Release|iPhone
		{8A96C525-5C6C-4B50-91A6-9F0EAFA6404F}.Release|Any CPU.Build.0 = Release|iPhone
		{8A96C525-5C6C-4B50-91A6-9F0EAFA6404F}.Release|Any CPU.Deploy.0 = Release|iPhone
		{8A96C525-5C6C-4B50-91A6-9F0EAFA6404F}.Release|iPhone.ActiveCfg = Release|iPhone
		{8A96C525-5C6C-4B50-91A6-9F0EAFA6404F}.Release|iPhone.Build.0 = Release|iPhone
		{8A96C525-5C6C-4B50-91A6-9F0EAFA6404F}.Release|iPhone.Deploy.0 = Release|iPhone
		{8A96C525-5C6C-4B50-91A6-9F0EAFA6404F}.Release|iPhoneSimulator.ActiveCfg = Release|iPhoneSimulator
		{8A96C525-5C6C-4B50-91A6-9F0EAFA6404F}.Release|iPhoneSimulator.Build.0 = Release|iPhoneSimulator
		{8A96C525-5C6C-4B50-91A6-9F0EAFA6404F}.Release|iPhoneSimulator.Deploy.0 = Release|iPhoneSimulator
		{28CBAF66-774E-4155-8127-98229B5F5CD9}.Ad-Hoc|Any CPU.ActiveCfg = Debug|Any CPU
		{28CBAF66-774E-4155-8127-98229B5F5CD9}.Ad-Hoc|Any CPU.Build.0 = Debug|Any CPU
		{28CBAF66-774E-4155-8127-98229B5F5CD9}.Ad-Hoc|Any CPU.Deploy.0 = Debug|Any CPU
		{28CBAF66-774E-4155-8127-98229B5F5CD9}.Ad-Hoc|iPhone.ActiveCfg = Debug|Any CPU
		{28CBAF66-774E-4155-8127-98229B5F5CD9}.Ad-Hoc|iPhone.Build.0 = Debug|Any CPU
		{28CBAF66-774E-4155-8127-98229B5F5CD9}.Ad-Hoc|iPhone.Deploy.0 = Debug|Any CPU
		{28CBAF66-774E-4155-8127-98229B5F5CD9}.Ad-Hoc|iPhoneSimulator.ActiveCfg = Debug|Any CPU
		{28CBAF66-774E-4155-8127-98229B5F5CD9}.Ad-Hoc|iPhoneSimulator.Build.0 = Debug|Any CPU
		{28CBAF66-774E-4155-8127-98229B5F5CD9}.Ad-Hoc|iPhoneSimulator.Deploy.0 = Debug|Any CPU
		{28CBAF66-774E-4155-8127-98229B5F5CD9}.AppStore|Any CPU.ActiveCfg = Debug|Any CPU
		{28CBAF66-774E-4155-8127-98229B5F5CD9}.AppStore|Any CPU.Build.0 = Debug|Any CPU
		{28CBAF66-774E-4155-8127-98229B5F5CD9}.AppStore|Any CPU.Deploy.0 = Debug|Any CPU
		{28CBAF66-774E-4155-8127-98229B5F5CD9}.AppStore|iPhone.ActiveCfg = Debug|Any CPU
		{28CBAF66-774E-4155-8127-98229B5F5CD9}.AppStore|iPhone.Build.0 = Debug|Any CPU
		{28CBAF66-774E-4155-8127-98229B5F5CD9}.AppStore|iPhone.Deploy.0 = Debug|Any CPU
		{28CBAF66-774E-4155-8127-98229B5F5CD9}.AppStore|iPhoneSimulator.ActiveCfg = Debug|Any CPU
		{28CBAF66-774E-4155-8127-98229B5F5CD9}.AppStore|iPhoneSimulator.Build.0 = Debug|Any CPU
		{28CBAF66-774E-4155-8127-98229B5F5CD9}.AppStore|iPhoneSimulator.Deploy.0 = Debug|Any CPU
		{28CBAF66-774E-4155-8127-98229B5F5CD9}.Debug|Any CPU.ActiveCfg = Debug|Any CPU
		{28CBAF66-774E-4155-8127-98229B5F5CD9}.Debug|Any CPU.Build.0 = Debug|Any CPU
		{28CBAF66-774E-4155-8127-98229B5F5CD9}.Debug|Any CPU.Deploy.0 = Debug|Any CPU
		{28CBAF66-774E-4155-8127-98229B5F5CD9}.Debug|iPhone.ActiveCfg = Debug|Any CPU
		{28CBAF66-774E-4155-8127-98229B5F5CD9}.Debug|iPhone.Build.0 = Debug|Any CPU
		{28CBAF66-774E-4155-8127-98229B5F5CD9}.Debug|iPhone.Deploy.0 = Debug|Any CPU
		{28CBAF66-774E-4155-8127-98229B5F5CD9}.Debug|iPhoneSimulator.ActiveCfg = Debug|Any CPU
		{28CBAF66-774E-4155-8127-98229B5F5CD9}.Debug|iPhoneSimulator.Build.0 = Debug|Any CPU
		{28CBAF66-774E-4155-8127-98229B5F5CD9}.Debug|iPhoneSimulator.Deploy.0 = Debug|Any CPU
		{28CBAF66-774E-4155-8127-98229B5F5CD9}.Release|Any CPU.ActiveCfg = Release|Any CPU
		{28CBAF66-774E-4155-8127-98229B5F5CD9}.Release|Any CPU.Build.0 = Release|Any CPU
		{28CBAF66-774E-4155-8127-98229B5F5CD9}.Release|Any CPU.Deploy.0 = Release|Any CPU
		{28CBAF66-774E-4155-8127-98229B5F5CD9}.Release|iPhone.ActiveCfg = Release|Any CPU
		{28CBAF66-774E-4155-8127-98229B5F5CD9}.Release|iPhone.Build.0 = Release|Any CPU
		{28CBAF66-774E-4155-8127-98229B5F5CD9}.Release|iPhone.Deploy.0 = Release|Any CPU
		{28CBAF66-774E-4155-8127-98229B5F5CD9}.Release|iPhoneSimulator.ActiveCfg = Release|Any CPU
		{28CBAF66-774E-4155-8127-98229B5F5CD9}.Release|iPhoneSimulator.Build.0 = Release|Any CPU
		{28CBAF66-774E-4155-8127-98229B5F5CD9}.Release|iPhoneSimulator.Deploy.0 = Release|Any CPU
	EndGlobalSection
	GlobalSection(SolutionProperties) = preSolution
		HideSolutionNode = FALSE
	EndGlobalSection
	GlobalSection(ExtensibilityGlobals) = postSolution
		SolutionGuid = {9233484E-518A-411A-A5BE-470168BE5303}
	EndGlobalSection
EndGlobal
